
Microsoft Visual Studio Solution File, Format Version 12.00
# Visual Studio 15
VisualStudioVersion = 15.0.28010.2016
MinimumVisualStudioVersion = 10.0.40219.1
Project("{FAE04EC0-301F-11D3-BF4B-00C04F79EFBC}") = "Tex2Dds", "Tex2Dds\Tex2Dds.csproj", "{01B53CED-7426-4D7E-A56B-CE7929A262D2}"
EndProject
Global
	GlobalSection(SolutionConfigurationPlatforms) = preSolution
		Debug|Any CPU = Debug|Any CPU
		Release|Any CPU = Release|Any CPU
	EndGlobalSection
	GlobalSection(ProjectConfigurationPlatforms) = postSolution
		{01B53CED-7426-4D7E-A56B-CE7929A262D2}.Debug|Any CPU.ActiveCfg = Debug|Any CPU
		{01B53CED-7426-4D7E-A56B-CE7929A262D2}.Debug|Any CPU.Build.0 = Debug|Any CPU
		{01B53CED-7426-4D7E-A56B-CE7929A262D2}.Release|Any CPU.ActiveCfg = Release|Any CPU
		{01B53CED-7426-4D7E-A56B-CE7929A262D2}.Release|Any CPU.Build.0 = Release|Any CPU
	EndGlobalSection
	GlobalSection(SolutionProperties) = preSolution
		HideSolutionNode = FALSE
	EndGlobalSection
	GlobalSection(ExtensibilityGlobals) = postSolution
		SolutionGuid = {5C827618-B5C3-431F-A517-CFB0C0B5C8FD}
	EndGlobalSection
EndGlobal
